// !$*UTF8*$!
{
	archiveVersion = 1;
	classes = {
	};
	objectVersion = 46;
	objects = {

/* Begin PBXBuildFile section */
		71054C881B76F6D4005C91BF /* README.md in Sources */ = {isa = PBXBuildFile; fileRef = 71054C871B76F6D4005C91BF /* README.md */; };
		7113A4271B57D78D0060D5B5 /* ObservableMutableArray.m in Sources */ = {isa = PBXBuildFile; fileRef = 7113A4261B57D78D0060D5B5 /* ObservableMutableArray.m */; };
		71189DDF1B895CFE00D8F341 /* MKCAttachmentsViewController.m in Sources */ = {isa = PBXBuildFile; fileRef = 71189DDB1B895CFE00D8F341 /* MKCAttachmentsViewController.m */; };
		71189DE01B895CFE00D8F341 /* MKCAttachmentsViewController.xib in Resources */ = {isa = PBXBuildFile; fileRef = 71189DDC1B895CFE00D8F341 /* MKCAttachmentsViewController.xib */; };
		71189DE11B895CFE00D8F341 /* MKCPhotoAttachmentViewController.m in Sources */ = {isa = PBXBuildFile; fileRef = 71189DDE1B895CFE00D8F341 /* MKCPhotoAttachmentViewController.m */; };
		71189DE71B89686100D8F341 /* MKCPhotoAttachmentViewModel.m in Sources */ = {isa = PBXBuildFile; fileRef = 71189DE61B89686100D8F341 /* MKCPhotoAttachmentViewModel.m */; };
		71189DEF1B89695200D8F341 /* PostViewModel.m in Sources */ = {isa = PBXBuildFile; fileRef = 71189DEE1B89695200D8F341 /* PostViewModel.m */; };
		71189DF31B897DAB00D8F341 /* MKCWallDataManager.m in Sources */ = {isa = PBXBuildFile; fileRef = 71189DF21B897DAB00D8F341 /* MKCWallDataManager.m */; };
		7124495B1B5B753C008ED6C0 /* VKAttachment.m in Sources */ = {isa = PBXBuildFile; fileRef = 7124495A1B5B753C008ED6C0 /* VKAttachment.m */; };
		712449611B5B78FC008ED6C0 /* VKPhotoMTL.m in Sources */ = {isa = PBXBuildFile; fileRef = 712449601B5B78FC008ED6C0 /* VKPhotoMTL.m */; };
		712489E61B50B286006526BA /* Main.storyboard in Resources */ = {isa = PBXBuildFile; fileRef = 712489E41B50B286006526BA /* Main.storyboard */; };
		712489E81B50B286006526BA /* Images.xcassets in Resources */ = {isa = PBXBuildFile; fileRef = 712489E71B50B286006526BA /* Images.xcassets */; };
		712489EB1B50B286006526BA /* LaunchScreen.xib in Resources */ = {isa = PBXBuildFile; fileRef = 712489E91B50B286006526BA /* LaunchScreen.xib */; };
		712489F71B50B286006526BA /* ChernoslivTests.m in Sources */ = {isa = PBXBuildFile; fileRef = 712489F61B50B286006526BA /* ChernoslivTests.m */; };
		7141B0ED1B58FF000037C7FF /* TableViewBindingHelper.m in Sources */ = {isa = PBXBuildFile; fileRef = 7141B0EC1B58FF000037C7FF /* TableViewBindingHelper.m */; };
		714CE65A1B551C710088C88C /* VKPost.m in Sources */ = {isa = PBXBuildFile; fileRef = 714CE6591B551C710088C88C /* VKPost.m */; };
		714CE65D1B5522980088C88C /* VKWall.m in Sources */ = {isa = PBXBuildFile; fileRef = 714CE65C1B5522980088C88C /* VKWall.m */; };
		716CAC071B5264A30068A441 /* VKService.m in Sources */ = {isa = PBXBuildFile; fileRef = 716CAC061B5264A30068A441 /* VKService.m */; };
		71870EED1B8478970089B215 /* Info.plist in Resources */ = {isa = PBXBuildFile; fileRef = 71870EEB1B8478970089B215 /* Info.plist */; };
		71870EEE1B8478970089B215 /* main.m in Sources */ = {isa = PBXBuildFile; fileRef = 71870EEC1B8478970089B215 /* main.m */; };
		71870EF31B847A380089B215 /* MKCAppDelegate.m in Sources */ = {isa = PBXBuildFile; fileRef = 71870EF21B847A380089B215 /* MKCAppDelegate.m */; };
		71870EF71B847AF10089B215 /* MKCAppDependencies.m in Sources */ = {isa = PBXBuildFile; fileRef = 71870EF61B847AF10089B215 /* MKCAppDependencies.m */; };
		71870EFB1B847D0C0089B215 /* MKCRootWireframe.m in Sources */ = {isa = PBXBuildFile; fileRef = 71870EFA1B847D0C0089B215 /* MKCRootWireframe.m */; };
		71870F051B8496600089B215 /* MKCWallWireframe.m in Sources */ = {isa = PBXBuildFile; fileRef = 71870F041B8496600089B215 /* MKCWallWireframe.m */; };
		71870F081B849C400089B215 /* MKCWallTableViewController.m in Sources */ = {isa = PBXBuildFile; fileRef = 71870F071B849C400089B215 /* MKCWallTableViewController.m */; };
		71870F0D1B849DEA0089B215 /* MKCWallPresenter.m in Sources */ = {isa = PBXBuildFile; fileRef = 71870F0C1B849DE90089B215 /* MKCWallPresenter.m */; };
		71870F141B84A3710089B215 /* CountView.m in Sources */ = {isa = PBXBuildFile; fileRef = 71870F101B84A3710089B215 /* CountView.m */; };
		71870F151B84A3710089B215 /* PostTableViewCell.m in Sources */ = {isa = PBXBuildFile; fileRef = 71870F121B84A3710089B215 /* PostTableViewCell.m */; };
		71870F161B84A3710089B215 /* PostTableViewCell.xib in Resources */ = {isa = PBXBuildFile; fileRef = 71870F131B84A3710089B215 /* PostTableViewCell.xib */; };
		71870F201B84A5DA0089B215 /* MKCAttachmentsWireframe.m in Sources */ = {isa = PBXBuildFile; fileRef = 71870F1F1B84A5DA0089B215 /* MKCAttachmentsWireframe.m */; };
		71CBB1E21B85E50B00A64F0E /* MKCWallInteractor.m in Sources */ = {isa = PBXBuildFile; fileRef = 71CBB1E11B85E50B00A64F0E /* MKCWallInteractor.m */; };
		71D20D6B1B85CD8F00F0B6CA /* MKCAttachmentsPresenter.m in Sources */ = {isa = PBXBuildFile; fileRef = 71D20D6A1B85CD8F00F0B6CA /* MKCAttachmentsPresenter.m */; };
		71E44F611B6CFFE500E219CA /* VKVideoMTL.m in Sources */ = {isa = PBXBuildFile; fileRef = 71E44F601B6CFFE500E219CA /* VKVideoMTL.m */; };
		71FC38D21B9456DE0033A7F1 /* MKCCommentsViewController.m in Sources */ = {isa = PBXBuildFile; fileRef = 71FC38D01B9456DE0033A7F1 /* MKCCommentsViewController.m */; };
		71FC38D31B9456DE0033A7F1 /* MKCCommentsViewController.xib in Resources */ = {isa = PBXBuildFile; fileRef = 71FC38D11B9456DE0033A7F1 /* MKCCommentsViewController.xib */; };
		71FC38D71B94617F0033A7F1 /* MKCAttachmentsPresentationTransition.m in Sources */ = {isa = PBXBuildFile; fileRef = 71FC38D61B94617F0033A7F1 /* MKCAttachmentsPresentationTransition.m */; };
		71FC38DB1B94623D0033A7F1 /* MKCCommentsWireframe.m in Sources */ = {isa = PBXBuildFile; fileRef = 71FC38DA1B94623D0033A7F1 /* MKCCommentsWireframe.m */; };
		71FC38DF1B9463C70033A7F1 /* MKCCommentsPresenter.m in Sources */ = {isa = PBXBuildFile; fileRef = 71FC38DE1B9463C70033A7F1 /* MKCCommentsPresenter.m */; };
		71FC38E61B946A030033A7F1 /* MKCCommentsPresentationTransition.m in Sources */ = {isa = PBXBuildFile; fileRef = 71FC38E51B946A030033A7F1 /* MKCCommentsPresentationTransition.m */; };
		71FC38EA1B9491F60033A7F1 /* MKCCommentsHeaderView.m in Sources */ = {isa = PBXBuildFile; fileRef = 71FC38E91B9491F60033A7F1 /* MKCCommentsHeaderView.m */; };
		7F0EE56A75C6D5207037F44B /* libPods-Chernosliv.a in Frameworks */ = {isa = PBXBuildFile; fileRef = F1539D8712653727860F3FC6 /* libPods-Chernosliv.a */; };
/* End PBXBuildFile section */

/* Begin PBXContainerItemProxy section */
		712489F11B50B286006526BA /* PBXContainerItemProxy */ = {
			isa = PBXContainerItemProxy;
			containerPortal = 712489CF1B50B286006526BA /* Project object */;
			proxyType = 1;
			remoteGlobalIDString = 712489D61B50B286006526BA;
			remoteInfo = Chernosliv;
		};
/* End PBXContainerItemProxy section */

/* Begin PBXFileReference section */
		71054C871B76F6D4005C91BF /* README.md */ = {isa = PBXFileReference; fileEncoding = 4; lastKnownFileType = net.daringfireball.markdown; path = README.md; sourceTree = "<group>"; };
		7113A4251B57D78D0060D5B5 /* ObservableMutableArray.h */ = {isa = PBXFileReference; fileEncoding = 4; lastKnownFileType = sourcecode.c.h; name = ObservableMutableArray.h; path = Utils/ObservableMutableArray.h; sourceTree = "<group>"; };
		7113A4261B57D78D0060D5B5 /* ObservableMutableArray.m */ = {isa = PBXFileReference; fileEncoding = 4; lastKnownFileType = sourcecode.c.objc; name = ObservableMutableArray.m; path = Utils/ObservableMutableArray.m; sourceTree = "<group>"; };
		71189DDA1B895CFE00D8F341 /* MKCAttachmentsViewController.h */ = {isa = PBXFileReference; fileEncoding = 4; lastKnownFileType = sourcecode.c.h; name = MKCAttachmentsViewController.h; path = Modules/Attachments/UserInterface/View/MKCAttachmentsViewController.h; sourceTree = "<group>"; };
		71189DDB1B895CFE00D8F341 /* MKCAttachmentsViewController.m */ = {isa = PBXFileReference; fileEncoding = 4; lastKnownFileType = sourcecode.c.objc; name = MKCAttachmentsViewController.m; path = Modules/Attachments/UserInterface/View/MKCAttachmentsViewController.m; sourceTree = "<group>"; };
		71189DDC1B895CFE00D8F341 /* MKCAttachmentsViewController.xib */ = {isa = PBXFileReference; fileEncoding = 4; lastKnownFileType = file.xib; name = MKCAttachmentsViewController.xib; path = Modules/Attachments/UserInterface/View/MKCAttachmentsViewController.xib; sourceTree = "<group>"; };
		71189DDD1B895CFE00D8F341 /* MKCPhotoAttachmentViewController.h */ = {isa = PBXFileReference; fileEncoding = 4; lastKnownFileType = sourcecode.c.h; name = MKCPhotoAttachmentViewController.h; path = Modules/Attachments/UserInterface/View/MKCPhotoAttachmentViewController.h; sourceTree = "<group>"; };
		71189DDE1B895CFE00D8F341 /* MKCPhotoAttachmentViewController.m */ = {isa = PBXFileReference; fileEncoding = 4; lastKnownFileType = sourcecode.c.objc; name = MKCPhotoAttachmentViewController.m; path = Modules/Attachments/UserInterface/View/MKCPhotoAttachmentViewController.m; sourceTree = "<group>"; };
		71189DE21B895F4800D8F341 /* MKCAttachmentsViewInterface.h */ = {isa = PBXFileReference; fileEncoding = 4; lastKnownFileType = sourcecode.c.h; name = MKCAttachmentsViewInterface.h; path = Modules/Attachments/UserInterface/View/MKCAttachmentsViewInterface.h; sourceTree = "<group>"; };
		71189DE51B89686100D8F341 /* MKCPhotoAttachmentViewModel.h */ = {isa = PBXFileReference; fileEncoding = 4; lastKnownFileType = sourcecode.c.h; name = MKCPhotoAttachmentViewModel.h; path = Modules/Attachments/UserInterface/ViewModel/MKCPhotoAttachmentViewModel.h; sourceTree = "<group>"; };
		71189DE61B89686100D8F341 /* MKCPhotoAttachmentViewModel.m */ = {isa = PBXFileReference; fileEncoding = 4; lastKnownFileType = sourcecode.c.objc; name = MKCPhotoAttachmentViewModel.m; path = Modules/Attachments/UserInterface/ViewModel/MKCPhotoAttachmentViewModel.m; sourceTree = "<group>"; };
		71189DED1B89695200D8F341 /* PostViewModel.h */ = {isa = PBXFileReference; fileEncoding = 4; lastKnownFileType = sourcecode.c.h; name = PostViewModel.h; path = Modules/Wall/UserInterface/ViewModel/PostViewModel.h; sourceTree = "<group>"; };
		71189DEE1B89695200D8F341 /* PostViewModel.m */ = {isa = PBXFileReference; fileEncoding = 4; lastKnownFileType = sourcecode.c.objc; name = PostViewModel.m; path = Modules/Wall/UserInterface/ViewModel/PostViewModel.m; sourceTree = "<group>"; };
		71189DF11B897DAB00D8F341 /* MKCWallDataManager.h */ = {isa = PBXFileReference; fileEncoding = 4; lastKnownFileType = sourcecode.c.h; name = MKCWallDataManager.h; path = Modules/Wall/ApplicationLogic/Manager/MKCWallDataManager.h; sourceTree = "<group>"; };
		71189DF21B897DAB00D8F341 /* MKCWallDataManager.m */ = {isa = PBXFileReference; fileEncoding = 4; lastKnownFileType = sourcecode.c.objc; name = MKCWallDataManager.m; path = Modules/Wall/ApplicationLogic/Manager/MKCWallDataManager.m; sourceTree = "<group>"; };
		712449591B5B753C008ED6C0 /* VKAttachment.h */ = {isa = PBXFileReference; fileEncoding = 4; lastKnownFileType = sourcecode.c.h; name = VKAttachment.h; path = Model/VKAttachment.h; sourceTree = "<group>"; };
		7124495A1B5B753C008ED6C0 /* VKAttachment.m */ = {isa = PBXFileReference; fileEncoding = 4; lastKnownFileType = sourcecode.c.objc; name = VKAttachment.m; path = Model/VKAttachment.m; sourceTree = "<group>"; };
		7124495F1B5B78FC008ED6C0 /* VKPhotoMTL.h */ = {isa = PBXFileReference; fileEncoding = 4; lastKnownFileType = sourcecode.c.h; name = VKPhotoMTL.h; path = Model/VKPhotoMTL.h; sourceTree = "<group>"; };
		712449601B5B78FC008ED6C0 /* VKPhotoMTL.m */ = {isa = PBXFileReference; fileEncoding = 4; lastKnownFileType = sourcecode.c.objc; name = VKPhotoMTL.m; path = Model/VKPhotoMTL.m; sourceTree = "<group>"; };
		712489D71B50B286006526BA /* Chernosliv.app */ = {isa = PBXFileReference; explicitFileType = wrapper.application; includeInIndex = 0; path = Chernosliv.app; sourceTree = BUILT_PRODUCTS_DIR; };
		712489E51B50B286006526BA /* Base */ = {isa = PBXFileReference; lastKnownFileType = file.storyboard; name = Base; path = Base.lproj/Main.storyboard; sourceTree = "<group>"; };
		712489E71B50B286006526BA /* Images.xcassets */ = {isa = PBXFileReference; lastKnownFileType = folder.assetcatalog; path = Images.xcassets; sourceTree = "<group>"; };
		712489EA1B50B286006526BA /* Base */ = {isa = PBXFileReference; lastKnownFileType = file.xib; name = Base; path = Base.lproj/LaunchScreen.xib; sourceTree = "<group>"; };
		712489F01B50B286006526BA /* ChernoslivTests.xctest */ = {isa = PBXFileReference; explicitFileType = wrapper.cfbundle; includeInIndex = 0; path = ChernoslivTests.xctest; sourceTree = BUILT_PRODUCTS_DIR; };
		712489F51B50B286006526BA /* Info.plist */ = {isa = PBXFileReference; lastKnownFileType = text.plist.xml; path = Info.plist; sourceTree = "<group>"; };
		712489F61B50B286006526BA /* ChernoslivTests.m */ = {isa = PBXFileReference; lastKnownFileType = sourcecode.c.objc; path = ChernoslivTests.m; sourceTree = "<group>"; };
		7141B0EC1B58FF000037C7FF /* TableViewBindingHelper.m */ = {isa = PBXFileReference; fileEncoding = 4; lastKnownFileType = sourcecode.c.objc; name = TableViewBindingHelper.m; path = Utils/TableViewBindingHelper.m; sourceTree = "<group>"; };
		714CE6581B551C710088C88C /* VKPost.h */ = {isa = PBXFileReference; fileEncoding = 4; lastKnownFileType = sourcecode.c.h; name = VKPost.h; path = Model/VKPost.h; sourceTree = "<group>"; };
		714CE6591B551C710088C88C /* VKPost.m */ = {isa = PBXFileReference; fileEncoding = 4; lastKnownFileType = sourcecode.c.objc; name = VKPost.m; path = Model/VKPost.m; sourceTree = "<group>"; };
		714CE65B1B5522980088C88C /* VKWall.h */ = {isa = PBXFileReference; fileEncoding = 4; lastKnownFileType = sourcecode.c.h; name = VKWall.h; path = Model/VKWall.h; sourceTree = "<group>"; };
		714CE65C1B5522980088C88C /* VKWall.m */ = {isa = PBXFileReference; fileEncoding = 4; lastKnownFileType = sourcecode.c.objc; name = VKWall.m; path = Model/VKWall.m; sourceTree = "<group>"; };
		716CABFE1B50E1E80068A441 /* TableViewBindingHelper.h */ = {isa = PBXFileReference; fileEncoding = 4; lastKnownFileType = sourcecode.c.h; name = TableViewBindingHelper.h; path = Utils/TableViewBindingHelper.h; sourceTree = "<group>"; };
		716CAC011B50E22F0068A441 /* ReactiveView.h */ = {isa = PBXFileReference; fileEncoding = 4; lastKnownFileType = sourcecode.c.h; name = ReactiveView.h; path = Utils/ReactiveView.h; sourceTree = "<group>"; };
		716CAC051B5264A30068A441 /* VKService.h */ = {isa = PBXFileReference; fileEncoding = 4; lastKnownFileType = sourcecode.c.h; name = VKService.h; path = Model/VKService.h; sourceTree = "<group>"; };
		716CAC061B5264A30068A441 /* VKService.m */ = {isa = PBXFileReference; fileEncoding = 4; lastKnownFileType = sourcecode.c.objc; name = VKService.m; path = Model/VKService.m; sourceTree = "<group>"; };
		71870EEB1B8478970089B215 /* Info.plist */ = {isa = PBXFileReference; fileEncoding = 4; lastKnownFileType = text.plist.xml; name = Info.plist; path = Application/BundleFiles/Info.plist; sourceTree = "<group>"; };
		71870EEC1B8478970089B215 /* main.m */ = {isa = PBXFileReference; fileEncoding = 4; lastKnownFileType = sourcecode.c.objc; name = main.m; path = Application/BundleFiles/main.m; sourceTree = "<group>"; };
		71870EEF1B8478AE0089B215 /* PrefixHeader.pch */ = {isa = PBXFileReference; lastKnownFileType = sourcecode.c.h; name = PrefixHeader.pch; path = Application/BundleFiles/PrefixHeader.pch; sourceTree = "<group>"; };
		71870EF11B847A380089B215 /* MKCAppDelegate.h */ = {isa = PBXFileReference; fileEncoding = 4; lastKnownFileType = sourcecode.c.h; name = MKCAppDelegate.h; path = Application/AppDelegate/MKCAppDelegate.h; sourceTree = "<group>"; };
		71870EF21B847A380089B215 /* MKCAppDelegate.m */ = {isa = PBXFileReference; fileEncoding = 4; lastKnownFileType = sourcecode.c.objc; name = MKCAppDelegate.m; path = Application/AppDelegate/MKCAppDelegate.m; sourceTree = "<group>"; };
		71870EF51B847AF10089B215 /* MKCAppDependencies.h */ = {isa = PBXFileReference; fileEncoding = 4; lastKnownFileType = sourcecode.c.h; name = MKCAppDependencies.h; path = Application/AppDependencies/MKCAppDependencies.h; sourceTree = "<group>"; };
		71870EF61B847AF10089B215 /* MKCAppDependencies.m */ = {isa = PBXFileReference; fileEncoding = 4; lastKnownFileType = sourcecode.c.objc; name = MKCAppDependencies.m; path = Application/AppDependencies/MKCAppDependencies.m; sourceTree = "<group>"; };
		71870EF91B847D0C0089B215 /* MKCRootWireframe.h */ = {isa = PBXFileReference; fileEncoding = 4; lastKnownFileType = sourcecode.c.h; name = MKCRootWireframe.h; path = Application/RootWireframe/MKCRootWireframe.h; sourceTree = "<group>"; };
		71870EFA1B847D0C0089B215 /* MKCRootWireframe.m */ = {isa = PBXFileReference; fileEncoding = 4; lastKnownFileType = sourcecode.c.objc; name = MKCRootWireframe.m; path = Application/RootWireframe/MKCRootWireframe.m; sourceTree = "<group>"; };
		71870F031B8496600089B215 /* MKCWallWireframe.h */ = {isa = PBXFileReference; fileEncoding = 4; lastKnownFileType = sourcecode.c.h; name = MKCWallWireframe.h; path = Modules/Wall/UserInterface/Wireframe/MKCWallWireframe.h; sourceTree = "<group>"; };
		71870F041B8496600089B215 /* MKCWallWireframe.m */ = {isa = PBXFileReference; fileEncoding = 4; lastKnownFileType = sourcecode.c.objc; name = MKCWallWireframe.m; path = Modules/Wall/UserInterface/Wireframe/MKCWallWireframe.m; sourceTree = "<group>"; };
		71870F061B849C400089B215 /* MKCWallTableViewController.h */ = {isa = PBXFileReference; fileEncoding = 4; lastKnownFileType = sourcecode.c.h; name = MKCWallTableViewController.h; path = Modules/Wall/UserInterface/View/MKCWallTableViewController.h; sourceTree = "<group>"; };
		71870F071B849C400089B215 /* MKCWallTableViewController.m */ = {isa = PBXFileReference; fileEncoding = 4; lastKnownFileType = sourcecode.c.objc; name = MKCWallTableViewController.m; path = Modules/Wall/UserInterface/View/MKCWallTableViewController.m; sourceTree = "<group>"; };
		71870F0B1B849DE90089B215 /* MKCWallPresenter.h */ = {isa = PBXFileReference; fileEncoding = 4; lastKnownFileType = sourcecode.c.h; name = MKCWallPresenter.h; path = Modules/Wall/UserInterface/Presenter/MKCWallPresenter.h; sourceTree = "<group>"; };
		71870F0C1B849DE90089B215 /* MKCWallPresenter.m */ = {isa = PBXFileReference; fileEncoding = 4; lastKnownFileType = sourcecode.c.objc; name = MKCWallPresenter.m; path = Modules/Wall/UserInterface/Presenter/MKCWallPresenter.m; sourceTree = "<group>"; };
		71870F0F1B84A3710089B215 /* CountView.h */ = {isa = PBXFileReference; fileEncoding = 4; lastKnownFileType = sourcecode.c.h; name = CountView.h; path = Modules/Wall/UserInterface/View/Cell/CountView.h; sourceTree = "<group>"; };
		71870F101B84A3710089B215 /* CountView.m */ = {isa = PBXFileReference; fileEncoding = 4; lastKnownFileType = sourcecode.c.objc; name = CountView.m; path = Modules/Wall/UserInterface/View/Cell/CountView.m; sourceTree = "<group>"; };
		71870F111B84A3710089B215 /* PostTableViewCell.h */ = {isa = PBXFileReference; fileEncoding = 4; lastKnownFileType = sourcecode.c.h; name = PostTableViewCell.h; path = Modules/Wall/UserInterface/View/Cell/PostTableViewCell.h; sourceTree = "<group>"; };
		71870F121B84A3710089B215 /* PostTableViewCell.m */ = {isa = PBXFileReference; fileEncoding = 4; lastKnownFileType = sourcecode.c.objc; name = PostTableViewCell.m; path = Modules/Wall/UserInterface/View/Cell/PostTableViewCell.m; sourceTree = "<group>"; };
		71870F131B84A3710089B215 /* PostTableViewCell.xib */ = {isa = PBXFileReference; fileEncoding = 4; lastKnownFileType = file.xib; name = PostTableViewCell.xib; path = Modules/Wall/UserInterface/View/Cell/PostTableViewCell.xib; sourceTree = "<group>"; };
		71870F1E1B84A5DA0089B215 /* MKCAttachmentsWireframe.h */ = {isa = PBXFileReference; fileEncoding = 4; lastKnownFileType = sourcecode.c.h; name = MKCAttachmentsWireframe.h; path = Modules/Attachments/UserInterface/Wireframe/MKCAttachmentsWireframe.h; sourceTree = "<group>"; };
		71870F1F1B84A5DA0089B215 /* MKCAttachmentsWireframe.m */ = {isa = PBXFileReference; fileEncoding = 4; lastKnownFileType = sourcecode.c.objc; name = MKCAttachmentsWireframe.m; path = Modules/Attachments/UserInterface/Wireframe/MKCAttachmentsWireframe.m; sourceTree = "<group>"; };
		71870F241B84A90F0089B215 /* MKCWallModuleInterface.h */ = {isa = PBXFileReference; fileEncoding = 4; lastKnownFileType = sourcecode.c.h; name = MKCWallModuleInterface.h; path = Modules/Wall/ModuleInterface/MKCWallModuleInterface.h; sourceTree = "<group>"; };
		71CBB1DE1B85DC7C00A64F0E /* MKCWallViewInterface.h */ = {isa = PBXFileReference; fileEncoding = 4; lastKnownFileType = sourcecode.c.h; name = MKCWallViewInterface.h; path = Modules/Wall/UserInterface/View/MKCWallViewInterface.h; sourceTree = "<group>"; };
		71CBB1E01B85E50B00A64F0E /* MKCWallInteractor.h */ = {isa = PBXFileReference; fileEncoding = 4; lastKnownFileType = sourcecode.c.h; name = MKCWallInteractor.h; path = Modules/Wall/ApplicationLogic/Interactor/MKCWallInteractor.h; sourceTree = "<group>"; };
		71CBB1E11B85E50B00A64F0E /* MKCWallInteractor.m */ = {isa = PBXFileReference; fileEncoding = 4; lastKnownFileType = sourcecode.c.objc; name = MKCWallInteractor.m; path = Modules/Wall/ApplicationLogic/Interactor/MKCWallInteractor.m; sourceTree = "<group>"; };
		71CBB1E31B85E59800A64F0E /* MKCWallInteractorIO.h */ = {isa = PBXFileReference; fileEncoding = 4; lastKnownFileType = sourcecode.c.h; name = MKCWallInteractorIO.h; path = Modules/Wall/ApplicationLogic/Interactor/MKCWallInteractorIO.h; sourceTree = "<group>"; };
		71CBB1EB1B85F99700A64F0E /* MKCAttachmentsModuleInterface.h */ = {isa = PBXFileReference; fileEncoding = 4; lastKnownFileType = sourcecode.c.h; name = MKCAttachmentsModuleInterface.h; path = Modules/Attachments/ModuleInterface/MKCAttachmentsModuleInterface.h; sourceTree = "<group>"; };
		71CBB1EC1B85F9B400A64F0E /* MKCAttachmentsModuleDelegate.h */ = {isa = PBXFileReference; fileEncoding = 4; lastKnownFileType = sourcecode.c.h; name = MKCAttachmentsModuleDelegate.h; path = Modules/Attachments/ModuleInterface/MKCAttachmentsModuleDelegate.h; sourceTree = "<group>"; };
		71D20D691B85CD8F00F0B6CA /* MKCAttachmentsPresenter.h */ = {isa = PBXFileReference; fileEncoding = 4; lastKnownFileType = sourcecode.c.h; name = MKCAttachmentsPresenter.h; path = Modules/Attachments/UserInterface/Presenter/MKCAttachmentsPresenter.h; sourceTree = "<group>"; };
		71D20D6A1B85CD8F00F0B6CA /* MKCAttachmentsPresenter.m */ = {isa = PBXFileReference; fileEncoding = 4; lastKnownFileType = sourcecode.c.objc; name = MKCAttachmentsPresenter.m; path = Modules/Attachments/UserInterface/Presenter/MKCAttachmentsPresenter.m; sourceTree = "<group>"; };
		71D20D6C1B85CE0D00F0B6CA /* MKCWallModuleDelegate.h */ = {isa = PBXFileReference; fileEncoding = 4; lastKnownFileType = sourcecode.c.h; name = MKCWallModuleDelegate.h; path = Modules/Wall/ModuleInterface/MKCWallModuleDelegate.h; sourceTree = "<group>"; };
		71E44F5F1B6CFFE500E219CA /* VKVideoMTL.h */ = {isa = PBXFileReference; fileEncoding = 4; lastKnownFileType = sourcecode.c.h; name = VKVideoMTL.h; path = Model/VKVideoMTL.h; sourceTree = "<group>"; };
		71E44F601B6CFFE500E219CA /* VKVideoMTL.m */ = {isa = PBXFileReference; fileEncoding = 4; lastKnownFileType = sourcecode.c.objc; name = VKVideoMTL.m; path = Model/VKVideoMTL.m; sourceTree = "<group>"; };
		71FC38CF1B9456DE0033A7F1 /* MKCCommentsViewController.h */ = {isa = PBXFileReference; fileEncoding = 4; lastKnownFileType = sourcecode.c.h; name = MKCCommentsViewController.h; path = Modules/Comments/UserInterface/View/MKCCommentsViewController.h; sourceTree = "<group>"; };
		71FC38D01B9456DE0033A7F1 /* MKCCommentsViewController.m */ = {isa = PBXFileReference; fileEncoding = 4; lastKnownFileType = sourcecode.c.objc; name = MKCCommentsViewController.m; path = Modules/Comments/UserInterface/View/MKCCommentsViewController.m; sourceTree = "<group>"; };
		71FC38D11B9456DE0033A7F1 /* MKCCommentsViewController.xib */ = {isa = PBXFileReference; fileEncoding = 4; lastKnownFileType = file.xib; name = MKCCommentsViewController.xib; path = Modules/Comments/UserInterface/View/MKCCommentsViewController.xib; sourceTree = "<group>"; };
		71FC38D51B94617F0033A7F1 /* MKCAttachmentsPresentationTransition.h */ = {isa = PBXFileReference; fileEncoding = 4; lastKnownFileType = sourcecode.c.h; name = MKCAttachmentsPresentationTransition.h; path = Modules/Attachments/UserInterface/Transition/MKCAttachmentsPresentationTransition.h; sourceTree = "<group>"; };
		71FC38D61B94617F0033A7F1 /* MKCAttachmentsPresentationTransition.m */ = {isa = PBXFileReference; fileEncoding = 4; lastKnownFileType = sourcecode.c.objc; name = MKCAttachmentsPresentationTransition.m; path = Modules/Attachments/UserInterface/Transition/MKCAttachmentsPresentationTransition.m; sourceTree = "<group>"; };
		71FC38D91B94623D0033A7F1 /* MKCCommentsWireframe.h */ = {isa = PBXFileReference; fileEncoding = 4; lastKnownFileType = sourcecode.c.h; name = MKCCommentsWireframe.h; path = Modules/Comments/UserInterface/Wireframe/MKCCommentsWireframe.h; sourceTree = "<group>"; };
		71FC38DA1B94623D0033A7F1 /* MKCCommentsWireframe.m */ = {isa = PBXFileReference; fileEncoding = 4; lastKnownFileType = sourcecode.c.objc; name = MKCCommentsWireframe.m; path = Modules/Comments/UserInterface/Wireframe/MKCCommentsWireframe.m; sourceTree = "<group>"; };
		71FC38DD1B9463C70033A7F1 /* MKCCommentsPresenter.h */ = {isa = PBXFileReference; fileEncoding = 4; lastKnownFileType = sourcecode.c.h; name = MKCCommentsPresenter.h; path = Modules/Comments/UserInterface/Presenter/MKCCommentsPresenter.h; sourceTree = "<group>"; };
		71FC38DE1B9463C70033A7F1 /* MKCCommentsPresenter.m */ = {isa = PBXFileReference; fileEncoding = 4; lastKnownFileType = sourcecode.c.objc; name = MKCCommentsPresenter.m; path = Modules/Comments/UserInterface/Presenter/MKCCommentsPresenter.m; sourceTree = "<group>"; };
		71FC38E01B9464230033A7F1 /* MKCCommentsViewInterface.h */ = {isa = PBXFileReference; fileEncoding = 4; lastKnownFileType = sourcecode.c.h; name = MKCCommentsViewInterface.h; path = Modules/Comments/UserInterface/View/MKCCommentsViewInterface.h; sourceTree = "<group>"; };
		71FC38E21B9465EC0033A7F1 /* MKCCommentsModuleInterface.h */ = {isa = PBXFileReference; fileEncoding = 4; lastKnownFileType = sourcecode.c.h; name = MKCCommentsModuleInterface.h; path = Modules/Comments/ModuleInterface/MKCCommentsModuleInterface.h; sourceTree = "<group>"; };
		71FC38E41B946A030033A7F1 /* MKCCommentsPresentationTransition.h */ = {isa = PBXFileReference; fileEncoding = 4; lastKnownFileType = sourcecode.c.h; name = MKCCommentsPresentationTransition.h; path = Modules/Comments/UserInterface/Transition/MKCCommentsPresentationTransition.h; sourceTree = "<group>"; };
		71FC38E51B946A030033A7F1 /* MKCCommentsPresentationTransition.m */ = {isa = PBXFileReference; fileEncoding = 4; lastKnownFileType = sourcecode.c.objc; name = MKCCommentsPresentationTransition.m; path = Modules/Comments/UserInterface/Transition/MKCCommentsPresentationTransition.m; sourceTree = "<group>"; };
		71FC38E81B9491F60033A7F1 /* MKCCommentsHeaderView.h */ = {isa = PBXFileReference; fileEncoding = 4; lastKnownFileType = sourcecode.c.h; name = MKCCommentsHeaderView.h; path = Modules/Comments/UserInterface/View/Header/MKCCommentsHeaderView.h; sourceTree = "<group>"; };
		71FC38E91B9491F60033A7F1 /* MKCCommentsHeaderView.m */ = {isa = PBXFileReference; fileEncoding = 4; lastKnownFileType = sourcecode.c.objc; name = MKCCommentsHeaderView.m; path = Modules/Comments/UserInterface/View/Header/MKCCommentsHeaderView.m; sourceTree = "<group>"; };
		880CA44613AC2FC66F037253 /* Pods-Chernosliv.release.xcconfig */ = {isa = PBXFileReference; includeInIndex = 1; lastKnownFileType = text.xcconfig; name = "Pods-Chernosliv.release.xcconfig"; path = "Pods/Target Support Files/Pods-Chernosliv/Pods-Chernosliv.release.xcconfig"; sourceTree = "<group>"; };
		A8A98243DFEB914A3A71CDEB /* Pods-Chernosliv.debug.xcconfig */ = {isa = PBXFileReference; includeInIndex = 1; lastKnownFileType = text.xcconfig; name = "Pods-Chernosliv.debug.xcconfig"; path = "Pods/Target Support Files/Pods-Chernosliv/Pods-Chernosliv.debug.xcconfig"; sourceTree = "<group>"; };
		F1539D8712653727860F3FC6 /* libPods-Chernosliv.a */ = {isa = PBXFileReference; explicitFileType = archive.ar; includeInIndex = 0; path = "libPods-Chernosliv.a"; sourceTree = BUILT_PRODUCTS_DIR; };
/* End PBXFileReference section */

/* Begin PBXFrameworksBuildPhase section */
		712489D41B50B286006526BA /* Frameworks */ = {
			isa = PBXFrameworksBuildPhase;
			buildActionMask = 2147483647;
			files = (
				7F0EE56A75C6D5207037F44B /* libPods-Chernosliv.a in Frameworks */,
			);
			runOnlyForDeploymentPostprocessing = 0;
		};
		712489ED1B50B286006526BA /* Frameworks */ = {
			isa = PBXFrameworksBuildPhase;
			buildActionMask = 2147483647;
			files = (
			);
			runOnlyForDeploymentPostprocessing = 0;
		};
/* End PBXFrameworksBuildPhase section */

/* Begin PBXGroup section */
		123B85BE55FB270129938743 /* Frameworks */ = {
			isa = PBXGroup;
			children = (
				F1539D8712653727860F3FC6 /* libPods-Chernosliv.a */,
			);
			name = Frameworks;
			sourceTree = "<group>";
		};
		12B6EAE3B6F7BC7EA88FE1A1 /* Pods */ = {
			isa = PBXGroup;
			children = (
				A8A98243DFEB914A3A71CDEB /* Pods-Chernosliv.debug.xcconfig */,
				880CA44613AC2FC66F037253 /* Pods-Chernosliv.release.xcconfig */,
			);
			name = Pods;
			sourceTree = "<group>";
		};
		71189DE41B89683C00D8F341 /* ViewModel */ = {
			isa = PBXGroup;
			children = (
				71189DE51B89686100D8F341 /* MKCPhotoAttachmentViewModel.h */,
				71189DE61B89686100D8F341 /* MKCPhotoAttachmentViewModel.m */,
			);
			name = ViewModel;
			sourceTree = "<group>";
		};
		71189DEC1B89694000D8F341 /* ViewModel */ = {
			isa = PBXGroup;
			children = (
				71189DED1B89695200D8F341 /* PostViewModel.h */,
				71189DEE1B89695200D8F341 /* PostViewModel.m */,
			);
			name = ViewModel;
			sourceTree = "<group>";
		};
		71189DF01B897D5A00D8F341 /* Manager */ = {
			isa = PBXGroup;
			children = (
				71189DF11B897DAB00D8F341 /* MKCWallDataManager.h */,
				71189DF21B897DAB00D8F341 /* MKCWallDataManager.m */,
			);
			name = Manager;
			sourceTree = "<group>";
		};
		712489CE1B50B286006526BA = {
			isa = PBXGroup;
			children = (
				71054C871B76F6D4005C91BF /* README.md */,
				712489D91B50B286006526BA /* Chernosliv */,
				712489F31B50B286006526BA /* ChernoslivTests */,
				712489D81B50B286006526BA /* Products */,
				12B6EAE3B6F7BC7EA88FE1A1 /* Pods */,
				123B85BE55FB270129938743 /* Frameworks */,
			);
			sourceTree = "<group>";
		};
		712489D81B50B286006526BA /* Products */ = {
			isa = PBXGroup;
			children = (
				712489D71B50B286006526BA /* Chernosliv.app */,
				712489F01B50B286006526BA /* ChernoslivTests.xctest */,
			);
			name = Products;
			sourceTree = "<group>";
		};
		712489D91B50B286006526BA /* Chernosliv */ = {
			isa = PBXGroup;
			children = (
				71870EE91B8475980089B215 /* Application */,
				71870EFD1B8484710089B215 /* Modules */,
				716CABFD1B50E1C90068A441 /* Utils */,
				71248A021B50B4AD006526BA /* Model */,
				712489E41B50B286006526BA /* Main.storyboard */,
				712489E71B50B286006526BA /* Images.xcassets */,
				712489E91B50B286006526BA /* LaunchScreen.xib */,
			);
			path = Chernosliv;
			sourceTree = "<group>";
		};
		712489F31B50B286006526BA /* ChernoslivTests */ = {
			isa = PBXGroup;
			children = (
				712489F61B50B286006526BA /* ChernoslivTests.m */,
				712489F41B50B286006526BA /* Supporting Files */,
			);
			path = ChernoslivTests;
			sourceTree = "<group>";
		};
		712489F41B50B286006526BA /* Supporting Files */ = {
			isa = PBXGroup;
			children = (
				712489F51B50B286006526BA /* Info.plist */,
			);
			name = "Supporting Files";
			sourceTree = "<group>";
		};
		71248A021B50B4AD006526BA /* Model */ = {
			isa = PBXGroup;
			children = (
				716CAC051B5264A30068A441 /* VKService.h */,
				716CAC061B5264A30068A441 /* VKService.m */,
				714CE6581B551C710088C88C /* VKPost.h */,
				714CE6591B551C710088C88C /* VKPost.m */,
				714CE65B1B5522980088C88C /* VKWall.h */,
				714CE65C1B5522980088C88C /* VKWall.m */,
				712449591B5B753C008ED6C0 /* VKAttachment.h */,
				7124495A1B5B753C008ED6C0 /* VKAttachment.m */,
				7124495F1B5B78FC008ED6C0 /* VKPhotoMTL.h */,
				712449601B5B78FC008ED6C0 /* VKPhotoMTL.m */,
				71E44F5F1B6CFFE500E219CA /* VKVideoMTL.h */,
				71E44F601B6CFFE500E219CA /* VKVideoMTL.m */,
			);
			name = Model;
			sourceTree = "<group>";
		};
		716CABFD1B50E1C90068A441 /* Utils */ = {
			isa = PBXGroup;
			children = (
				716CAC011B50E22F0068A441 /* ReactiveView.h */,
				716CABFE1B50E1E80068A441 /* TableViewBindingHelper.h */,
				7141B0EC1B58FF000037C7FF /* TableViewBindingHelper.m */,
				7113A4251B57D78D0060D5B5 /* ObservableMutableArray.h */,
				7113A4261B57D78D0060D5B5 /* ObservableMutableArray.m */,
			);
			name = Utils;
			sourceTree = "<group>";
		};
		71870EE91B8475980089B215 /* Application */ = {
			isa = PBXGroup;
			children = (
				71870EF81B847CE90089B215 /* RootWireframe */,
				71870EF41B847AA10089B215 /* AppDependencies */,
				71870EF01B8479F10089B215 /* AppDelegate */,
				71870EEA1B84777B0089B215 /* BundleFiles */,
			);
			name = Application;
			sourceTree = "<group>";
		};
		71870EEA1B84777B0089B215 /* BundleFiles */ = {
			isa = PBXGroup;
			children = (
				71870EEB1B8478970089B215 /* Info.plist */,
				71870EEC1B8478970089B215 /* main.m */,
				71870EEF1B8478AE0089B215 /* PrefixHeader.pch */,
			);
			name = BundleFiles;
			sourceTree = "<group>";
		};
		71870EF01B8479F10089B215 /* AppDelegate */ = {
			isa = PBXGroup;
			children = (
				71870EF11B847A380089B215 /* MKCAppDelegate.h */,
				71870EF21B847A380089B215 /* MKCAppDelegate.m */,
			);
			name = AppDelegate;
			sourceTree = "<group>";
		};
		71870EF41B847AA10089B215 /* AppDependencies */ = {
			isa = PBXGroup;
			children = (
				71870EF51B847AF10089B215 /* MKCAppDependencies.h */,
				71870EF61B847AF10089B215 /* MKCAppDependencies.m */,
			);
			name = AppDependencies;
			sourceTree = "<group>";
		};
		71870EF81B847CE90089B215 /* RootWireframe */ = {
			isa = PBXGroup;
			children = (
				71870EF91B847D0C0089B215 /* MKCRootWireframe.h */,
				71870EFA1B847D0C0089B215 /* MKCRootWireframe.m */,
			);
			name = RootWireframe;
			sourceTree = "<group>";
		};
		71870EFD1B8484710089B215 /* Modules */ = {
			isa = PBXGroup;
			children = (
				71870EFE1B8484850089B215 /* Wall */,
				71FC38CC1B9455F30033A7F1 /* Comments */,
				71870F171B84A4D10089B215 /* Attachments */,
			);
			name = Modules;
			sourceTree = "<group>";
		};
		71870EFE1B8484850089B215 /* Wall */ = {
			isa = PBXGroup;
			children = (
				71870EFF1B84950F0089B215 /* ApplicationLogic */,
				71870F011B8495510089B215 /* ModuleInterface */,
				71870F001B8495230089B215 /* UserInterface */,
			);
			name = Wall;
			sourceTree = "<group>";
		};
		71870EFF1B84950F0089B215 /* ApplicationLogic */ = {
			isa = PBXGroup;
			children = (
				71189DF01B897D5A00D8F341 /* Manager */,
				71CBB1DF1B85E4DF00A64F0E /* Interactor */,
			);
			name = ApplicationLogic;
			sourceTree = "<group>";
		};
		71870F001B8495230089B215 /* UserInterface */ = {
			isa = PBXGroup;
			children = (
				71870F0A1B849D940089B215 /* Presenter */,
				71189DEC1B89694000D8F341 /* ViewModel */,
				71870F091B849C480089B215 /* View */,
				71870F021B8495770089B215 /* Wireframe */,
				71CBB1E41B85EE8400A64F0E /* Transition */,
			);
			name = UserInterface;
			sourceTree = "<group>";
		};
		71870F011B8495510089B215 /* ModuleInterface */ = {
			isa = PBXGroup;
			children = (
				71870F241B84A90F0089B215 /* MKCWallModuleInterface.h */,
				71D20D6C1B85CE0D00F0B6CA /* MKCWallModuleDelegate.h */,
			);
			name = ModuleInterface;
			sourceTree = "<group>";
		};
		71870F021B8495770089B215 /* Wireframe */ = {
			isa = PBXGroup;
			children = (
				71870F031B8496600089B215 /* MKCWallWireframe.h */,
				71870F041B8496600089B215 /* MKCWallWireframe.m */,
			);
			name = Wireframe;
			sourceTree = "<group>";
		};
		71870F091B849C480089B215 /* View */ = {
			isa = PBXGroup;
			children = (
				71870F061B849C400089B215 /* MKCWallTableViewController.h */,
				71870F071B849C400089B215 /* MKCWallTableViewController.m */,
				71CBB1DE1B85DC7C00A64F0E /* MKCWallViewInterface.h */,
				71870F0E1B84A1D60089B215 /* Cell */,
			);
			name = View;
			sourceTree = "<group>";
		};
		71870F0A1B849D940089B215 /* Presenter */ = {
			isa = PBXGroup;
			children = (
				71870F0B1B849DE90089B215 /* MKCWallPresenter.h */,
				71870F0C1B849DE90089B215 /* MKCWallPresenter.m */,
			);
			name = Presenter;
			sourceTree = "<group>";
		};
		71870F0E1B84A1D60089B215 /* Cell */ = {
			isa = PBXGroup;
			children = (
				71870F0F1B84A3710089B215 /* CountView.h */,
				71870F101B84A3710089B215 /* CountView.m */,
				71870F111B84A3710089B215 /* PostTableViewCell.h */,
				71870F121B84A3710089B215 /* PostTableViewCell.m */,
				71870F131B84A3710089B215 /* PostTableViewCell.xib */,
			);
			name = Cell;
			sourceTree = "<group>";
		};
		71870F171B84A4D10089B215 /* Attachments */ = {
			isa = PBXGroup;
			children = (
				71870F181B84A4ED0089B215 /* ApplicationLogic */,
				71870F191B84A4F90089B215 /* ModuleInterface */,
				71870F1A1B84A5070089B215 /* UserInterface */,
			);
			name = Attachments;
			sourceTree = "<group>";
		};
		71870F181B84A4ED0089B215 /* ApplicationLogic */ = {
			isa = PBXGroup;
			children = (
			);
			name = ApplicationLogic;
			sourceTree = "<group>";
		};
		71870F191B84A4F90089B215 /* ModuleInterface */ = {
			isa = PBXGroup;
			children = (
				71CBB1EB1B85F99700A64F0E /* MKCAttachmentsModuleInterface.h */,
				71CBB1EC1B85F9B400A64F0E /* MKCAttachmentsModuleDelegate.h */,
			);
			name = ModuleInterface;
			sourceTree = "<group>";
		};
		71870F1A1B84A5070089B215 /* UserInterface */ = {
			isa = PBXGroup;
			children = (
				71870F1D1B84A5370089B215 /* Presenter */,
				71189DE41B89683C00D8F341 /* ViewModel */,
				71870F1C1B84A52E0089B215 /* View */,
				71870F1B1B84A5210089B215 /* Wireframe */,
				71FC38D41B9460E90033A7F1 /* Transition */,
			);
			name = UserInterface;
			sourceTree = "<group>";
		};
		71870F1B1B84A5210089B215 /* Wireframe */ = {
			isa = PBXGroup;
			children = (
				71870F1E1B84A5DA0089B215 /* MKCAttachmentsWireframe.h */,
				71870F1F1B84A5DA0089B215 /* MKCAttachmentsWireframe.m */,
			);
			name = Wireframe;
			sourceTree = "<group>";
		};
		71870F1C1B84A52E0089B215 /* View */ = {
			isa = PBXGroup;
			children = (
				71189DDA1B895CFE00D8F341 /* MKCAttachmentsViewController.h */,
				71189DDB1B895CFE00D8F341 /* MKCAttachmentsViewController.m */,
				71189DDC1B895CFE00D8F341 /* MKCAttachmentsViewController.xib */,
				71189DDD1B895CFE00D8F341 /* MKCPhotoAttachmentViewController.h */,
				71189DDE1B895CFE00D8F341 /* MKCPhotoAttachmentViewController.m */,
				71189DE21B895F4800D8F341 /* MKCAttachmentsViewInterface.h */,
			);
			name = View;
			sourceTree = "<group>";
		};
		71870F1D1B84A5370089B215 /* Presenter */ = {
			isa = PBXGroup;
			children = (
				71D20D691B85CD8F00F0B6CA /* MKCAttachmentsPresenter.h */,
				71D20D6A1B85CD8F00F0B6CA /* MKCAttachmentsPresenter.m */,
			);
			name = Presenter;
			sourceTree = "<group>";
		};
		71CBB1DF1B85E4DF00A64F0E /* Interactor */ = {
			isa = PBXGroup;
			children = (
				71CBB1E01B85E50B00A64F0E /* MKCWallInteractor.h */,
				71CBB1E11B85E50B00A64F0E /* MKCWallInteractor.m */,
				71CBB1E31B85E59800A64F0E /* MKCWallInteractorIO.h */,
			);
			name = Interactor;
			sourceTree = "<group>";
		};
		71CBB1E41B85EE8400A64F0E /* Transition */ = {
			isa = PBXGroup;
			children = (
			);
			name = Transition;
			sourceTree = "<group>";
		};
		71FC38CC1B9455F30033A7F1 /* Comments */ = {
			isa = PBXGroup;
			children = (
				71FC38E11B9465BD0033A7F1 /* ModuleInterface */,
				71FC38CD1B9456100033A7F1 /* UserInterface */,
				71FC38E31B9469B70033A7F1 /* Transition */,
			);
			name = Comments;
			sourceTree = "<group>";
		};
		71FC38CD1B9456100033A7F1 /* UserInterface */ = {
			isa = PBXGroup;
			children = (
				71FC38DC1B9463A30033A7F1 /* Presenter */,
				71FC38CE1B94561E0033A7F1 /* View */,
				71FC38D81B9461F80033A7F1 /* Wireframe */,
			);
			name = UserInterface;
			sourceTree = "<group>";
		};
		71FC38CE1B94561E0033A7F1 /* View */ = {
			isa = PBXGroup;
			children = (
				71FC38E71B9491BE0033A7F1 /* Header */,
				71FC38CF1B9456DE0033A7F1 /* MKCCommentsViewController.h */,
				71FC38D01B9456DE0033A7F1 /* MKCCommentsViewController.m */,
				71FC38D11B9456DE0033A7F1 /* MKCCommentsViewController.xib */,
				71FC38E01B9464230033A7F1 /* MKCCommentsViewInterface.h */,
			);
			name = View;
			sourceTree = "<group>";
		};
		71FC38D41B9460E90033A7F1 /* Transition */ = {
			isa = PBXGroup;
			children = (
				71FC38D51B94617F0033A7F1 /* MKCAttachmentsPresentationTransition.h */,
				71FC38D61B94617F0033A7F1 /* MKCAttachmentsPresentationTransition.m */,
			);
			name = Transition;
			sourceTree = "<group>";
		};
		71FC38D81B9461F80033A7F1 /* Wireframe */ = {
			isa = PBXGroup;
			children = (
				71FC38D91B94623D0033A7F1 /* MKCCommentsWireframe.h */,
				71FC38DA1B94623D0033A7F1 /* MKCCommentsWireframe.m */,
			);
			name = Wireframe;
			sourceTree = "<group>";
		};
		71FC38DC1B9463A30033A7F1 /* Presenter */ = {
			isa = PBXGroup;
			children = (
				71FC38DD1B9463C70033A7F1 /* MKCCommentsPresenter.h */,
				71FC38DE1B9463C70033A7F1 /* MKCCommentsPresenter.m */,
			);
			name = Presenter;
			sourceTree = "<group>";
		};
		71FC38E11B9465BD0033A7F1 /* ModuleInterface */ = {
			isa = PBXGroup;
			children = (
				71FC38E21B9465EC0033A7F1 /* MKCCommentsModuleInterface.h */,
			);
			name = ModuleInterface;
			sourceTree = "<group>";
		};
		71FC38E31B9469B70033A7F1 /* Transition */ = {
			isa = PBXGroup;
			children = (
				71FC38E41B946A030033A7F1 /* MKCCommentsPresentationTransition.h */,
				71FC38E51B946A030033A7F1 /* MKCCommentsPresentationTransition.m */,
			);
			name = Transition;
			sourceTree = "<group>";
		};
		71FC38E71B9491BE0033A7F1 /* Header */ = {
			isa = PBXGroup;
			children = (
				71FC38E81B9491F60033A7F1 /* MKCCommentsHeaderView.h */,
				71FC38E91B9491F60033A7F1 /* MKCCommentsHeaderView.m */,
			);
			name = Header;
			sourceTree = "<group>";
		};
/* End PBXGroup section */

/* Begin PBXNativeTarget section */
		712489D61B50B286006526BA /* Chernosliv */ = {
			isa = PBXNativeTarget;
			buildConfigurationList = 712489FA1B50B286006526BA /* Build configuration list for PBXNativeTarget "Chernosliv" */;
			buildPhases = (
				1042BDAE20F7C9692F005497 /* Check Pods Manifest.lock */,
				712489D31B50B286006526BA /* Sources */,
				712489D41B50B286006526BA /* Frameworks */,
				712489D51B50B286006526BA /* Resources */,
				0E78C78DAF787974A6FC7957 /* Copy Pods Resources */,
			);
			buildRules = (
			);
			dependencies = (
			);
			name = Chernosliv;
			productName = Chernosliv;
			productReference = 712489D71B50B286006526BA /* Chernosliv.app */;
			productType = "com.apple.product-type.application";
		};
		712489EF1B50B286006526BA /* ChernoslivTests */ = {
			isa = PBXNativeTarget;
			buildConfigurationList = 712489FD1B50B286006526BA /* Build configuration list for PBXNativeTarget "ChernoslivTests" */;
			buildPhases = (
				712489EC1B50B286006526BA /* Sources */,
				712489ED1B50B286006526BA /* Frameworks */,
				712489EE1B50B286006526BA /* Resources */,
			);
			buildRules = (
			);
			dependencies = (
				712489F21B50B286006526BA /* PBXTargetDependency */,
			);
			name = ChernoslivTests;
			productName = ChernoslivTests;
			productReference = 712489F01B50B286006526BA /* ChernoslivTests.xctest */;
			productType = "com.apple.product-type.bundle.unit-test";
		};
/* End PBXNativeTarget section */

/* Begin PBXProject section */
		712489CF1B50B286006526BA /* Project object */ = {
			isa = PBXProject;
			attributes = {
				CLASSPREFIX = MKC;
				LastUpgradeCheck = 0640;
				ORGANIZATIONNAME = "Vyacheslav Zavertanny";
				TargetAttributes = {
					712489D61B50B286006526BA = {
						CreatedOnToolsVersion = 6.4;
					};
					712489EF1B50B286006526BA = {
						CreatedOnToolsVersion = 6.4;
						TestTargetID = 712489D61B50B286006526BA;
					};
				};
			};
			buildConfigurationList = 712489D21B50B286006526BA /* Build configuration list for PBXProject "Chernosliv" */;
			compatibilityVersion = "Xcode 3.2";
			developmentRegion = English;
			hasScannedForEncodings = 0;
			knownRegions = (
				en,
				Base,
			);
			mainGroup = 712489CE1B50B286006526BA;
			productRefGroup = 712489D81B50B286006526BA /* Products */;
			projectDirPath = "";
			projectRoot = "";
			targets = (
				712489D61B50B286006526BA /* Chernosliv */,
				712489EF1B50B286006526BA /* ChernoslivTests */,
			);
		};
/* End PBXProject section */

/* Begin PBXResourcesBuildPhase section */
		712489D51B50B286006526BA /* Resources */ = {
			isa = PBXResourcesBuildPhase;
			buildActionMask = 2147483647;
			files = (
				712489E61B50B286006526BA /* Main.storyboard in Resources */,
				71870EED1B8478970089B215 /* Info.plist in Resources */,
				71189DE01B895CFE00D8F341 /* MKCAttachmentsViewController.xib in Resources */,
				712489EB1B50B286006526BA /* LaunchScreen.xib in Resources */,
				71870F161B84A3710089B215 /* PostTableViewCell.xib in Resources */,
				71FC38D31B9456DE0033A7F1 /* MKCCommentsViewController.xib in Resources */,
				712489E81B50B286006526BA /* Images.xcassets in Resources */,
			);
			runOnlyForDeploymentPostprocessing = 0;
		};
		712489EE1B50B286006526BA /* Resources */ = {
			isa = PBXResourcesBuildPhase;
			buildActionMask = 2147483647;
			files = (
			);
			runOnlyForDeploymentPostprocessing = 0;
		};
/* End PBXResourcesBuildPhase section */

/* Begin PBXShellScriptBuildPhase section */
		0E78C78DAF787974A6FC7957 /* Copy Pods Resources */ = {
			isa = PBXShellScriptBuildPhase;
			buildActionMask = 2147483647;
			files = (
			);
			inputPaths = (
			);
			name = "Copy Pods Resources";
			outputPaths = (
			);
			runOnlyForDeploymentPostprocessing = 0;
			shellPath = /bin/sh;
			shellScript = "\"${SRCROOT}/Pods/Target Support Files/Pods-Chernosliv/Pods-Chernosliv-resources.sh\"\n";
			showEnvVarsInLog = 0;
		};
		1042BDAE20F7C9692F005497 /* Check Pods Manifest.lock */ = {
			isa = PBXShellScriptBuildPhase;
			buildActionMask = 2147483647;
			files = (
			);
			inputPaths = (
			);
			name = "Check Pods Manifest.lock";
			outputPaths = (
			);
			runOnlyForDeploymentPostprocessing = 0;
			shellPath = /bin/sh;
			shellScript = "diff \"${PODS_ROOT}/../Podfile.lock\" \"${PODS_ROOT}/Manifest.lock\" > /dev/null\nif [[ $? != 0 ]] ; then\n    cat << EOM\nerror: The sandbox is not in sync with the Podfile.lock. Run 'pod install' or update your CocoaPods installation.\nEOM\n    exit 1\nfi\n";
			showEnvVarsInLog = 0;
		};
/* End PBXShellScriptBuildPhase section */

/* Begin PBXSourcesBuildPhase section */
		712489D31B50B286006526BA /* Sources */ = {
			isa = PBXSourcesBuildPhase;
			buildActionMask = 2147483647;
			files = (
				71870EF31B847A380089B215 /* MKCAppDelegate.m in Sources */,
				71870F081B849C400089B215 /* MKCWallTableViewController.m in Sources */,
				716CAC071B5264A30068A441 /* VKService.m in Sources */,
				71054C881B76F6D4005C91BF /* README.md in Sources */,
				71870F141B84A3710089B215 /* CountView.m in Sources */,
				71CBB1E21B85E50B00A64F0E /* MKCWallInteractor.m in Sources */,
				71189DF31B897DAB00D8F341 /* MKCWallDataManager.m in Sources */,
				714CE65D1B5522980088C88C /* VKWall.m in Sources */,
				712449611B5B78FC008ED6C0 /* VKPhotoMTL.m in Sources */,
				71E44F611B6CFFE500E219CA /* VKVideoMTL.m in Sources */,
				71FC38DF1B9463C70033A7F1 /* MKCCommentsPresenter.m in Sources */,
				71870EEE1B8478970089B215 /* main.m in Sources */,
				7113A4271B57D78D0060D5B5 /* ObservableMutableArray.m in Sources */,
				714CE65A1B551C710088C88C /* VKPost.m in Sources */,
				71189DDF1B895CFE00D8F341 /* MKCAttachmentsViewController.m in Sources */,
				71870F051B8496600089B215 /* MKCWallWireframe.m in Sources */,
				71870F151B84A3710089B215 /* PostTableViewCell.m in Sources */,
				71870EFB1B847D0C0089B215 /* MKCRootWireframe.m in Sources */,
				71189DEF1B89695200D8F341 /* PostViewModel.m in Sources */,
				71D20D6B1B85CD8F00F0B6CA /* MKCAttachmentsPresenter.m in Sources */,
				71870F201B84A5DA0089B215 /* MKCAttachmentsWireframe.m in Sources */,
				71189DE71B89686100D8F341 /* MKCPhotoAttachmentViewModel.m in Sources */,
				71870EF71B847AF10089B215 /* MKCAppDependencies.m in Sources */,
				71FC38EA1B9491F60033A7F1 /* MKCCommentsHeaderView.m in Sources */,
				71870F0D1B849DEA0089B215 /* MKCWallPresenter.m in Sources */,
				7124495B1B5B753C008ED6C0 /* VKAttachment.m in Sources */,
				71FC38D71B94617F0033A7F1 /* MKCAttachmentsPresentationTransition.m in Sources */,
				71FC38DB1B94623D0033A7F1 /* MKCCommentsWireframe.m in Sources */,
				71189DE11B895CFE00D8F341 /* MKCPhotoAttachmentViewController.m in Sources */,
				71FC38E61B946A030033A7F1 /* MKCCommentsPresentationTransition.m in Sources */,
				71FC38D21B9456DE0033A7F1 /* MKCCommentsViewController.m in Sources */,
				7141B0ED1B58FF000037C7FF /* TableViewBindingHelper.m in Sources */,
			);
			runOnlyForDeploymentPostprocessing = 0;
		};
		712489EC1B50B286006526BA /* Sources */ = {
			isa = PBXSourcesBuildPhase;
			buildActionMask = 2147483647;
			files = (
				712489F71B50B286006526BA /* ChernoslivTests.m in Sources */,
			);
			runOnlyForDeploymentPostprocessing = 0;
		};
/* End PBXSourcesBuildPhase section */

/* Begin PBXTargetDependency section */
		712489F21B50B286006526BA /* PBXTargetDependency */ = {
			isa = PBXTargetDependency;
			target = 712489D61B50B286006526BA /* Chernosliv */;
			targetProxy = 712489F11B50B286006526BA /* PBXContainerItemProxy */;
		};
/* End PBXTargetDependency section */

/* Begin PBXVariantGroup section */
		712489E41B50B286006526BA /* Main.storyboard */ = {
			isa = PBXVariantGroup;
			children = (
				712489E51B50B286006526BA /* Base */,
			);
			name = Main.storyboard;
			sourceTree = "<group>";
		};
		712489E91B50B286006526BA /* LaunchScreen.xib */ = {
			isa = PBXVariantGroup;
			children = (
				712489EA1B50B286006526BA /* Base */,
			);
			name = LaunchScreen.xib;
			sourceTree = "<group>";
		};
/* End PBXVariantGroup section */

/* Begin XCBuildConfiguration section */
		712489F81B50B286006526BA /* Debug */ = {
			isa = XCBuildConfiguration;
			buildSettings = {
				ALWAYS_SEARCH_USER_PATHS = NO;
				CLANG_CXX_LANGUAGE_STANDARD = "gnu++0x";
				CLANG_CXX_LIBRARY = "libc++";
				CLANG_ENABLE_MODULES = YES;
				CLANG_ENABLE_OBJC_ARC = YES;
				CLANG_WARN_BOOL_CONVERSION = YES;
				CLANG_WARN_CONSTANT_CONVERSION = YES;
				CLANG_WARN_DIRECT_OBJC_ISA_USAGE = YES_ERROR;
				CLANG_WARN_EMPTY_BODY = YES;
				CLANG_WARN_ENUM_CONVERSION = YES;
				CLANG_WARN_INT_CONVERSION = YES;
				CLANG_WARN_OBJC_ROOT_CLASS = YES_ERROR;
				CLANG_WARN_UNREACHABLE_CODE = YES;
				CLANG_WARN__DUPLICATE_METHOD_MATCH = YES;
				"CODE_SIGN_IDENTITY[sdk=iphoneos*]" = "iPhone Developer";
				COPY_PHASE_STRIP = NO;
				DEBUG_INFORMATION_FORMAT = "dwarf-with-dsym";
				ENABLE_STRICT_OBJC_MSGSEND = YES;
				GCC_C_LANGUAGE_STANDARD = gnu99;
				GCC_DYNAMIC_NO_PIC = NO;
				GCC_NO_COMMON_BLOCKS = YES;
				GCC_OPTIMIZATION_LEVEL = 0;
				GCC_PREPROCESSOR_DEFINITIONS = (
					"DEBUG=1",
					"$(inherited)",
				);
				GCC_SYMBOLS_PRIVATE_EXTERN = NO;
				GCC_WARN_64_TO_32_BIT_CONVERSION = YES;
				GCC_WARN_ABOUT_RETURN_TYPE = YES_ERROR;
				GCC_WARN_UNDECLARED_SELECTOR = YES;
				GCC_WARN_UNINITIALIZED_AUTOS = YES_AGGRESSIVE;
				GCC_WARN_UNUSED_FUNCTION = YES;
				GCC_WARN_UNUSED_VARIABLE = YES;
				IPHONEOS_DEPLOYMENT_TARGET = 8.4;
				MTL_ENABLE_DEBUG_INFO = YES;
				ONLY_ACTIVE_ARCH = YES;
				SDKROOT = iphoneos;
				TARGETED_DEVICE_FAMILY = "1,2";
			};
			name = Debug;
		};
		712489F91B50B286006526BA /* Release */ = {
			isa = XCBuildConfiguration;
			buildSettings = {
				ALWAYS_SEARCH_USER_PATHS = NO;
				CLANG_CXX_LANGUAGE_STANDARD = "gnu++0x";
				CLANG_CXX_LIBRARY = "libc++";
				CLANG_ENABLE_MODULES = YES;
				CLANG_ENABLE_OBJC_ARC = YES;
				CLANG_WARN_BOOL_CONVERSION = YES;
				CLANG_WARN_CONSTANT_CONVERSION = YES;
				CLANG_WARN_DIRECT_OBJC_ISA_USAGE = YES_ERROR;
				CLANG_WARN_EMPTY_BODY = YES;
				CLANG_WARN_ENUM_CONVERSION = YES;
				CLANG_WARN_INT_CONVERSION = YES;
				CLANG_WARN_OBJC_ROOT_CLASS = YES_ERROR;
				CLANG_WARN_UNREACHABLE_CODE = YES;
				CLANG_WARN__DUPLICATE_METHOD_MATCH = YES;
				"CODE_SIGN_IDENTITY[sdk=iphoneos*]" = "iPhone Developer";
				COPY_PHASE_STRIP = NO;
				DEBUG_INFORMATION_FORMAT = "dwarf-with-dsym";
				ENABLE_NS_ASSERTIONS = NO;
				ENABLE_STRICT_OBJC_MSGSEND = YES;
				GCC_C_LANGUAGE_STANDARD = gnu99;
				GCC_NO_COMMON_BLOCKS = YES;
				GCC_WARN_64_TO_32_BIT_CONVERSION = YES;
				GCC_WARN_ABOUT_RETURN_TYPE = YES_ERROR;
				GCC_WARN_UNDECLARED_SELECTOR = YES;
				GCC_WARN_UNINITIALIZED_AUTOS = YES_AGGRESSIVE;
				GCC_WARN_UNUSED_FUNCTION = YES;
				GCC_WARN_UNUSED_VARIABLE = YES;
				IPHONEOS_DEPLOYMENT_TARGET = 8.4;
				MTL_ENABLE_DEBUG_INFO = NO;
				SDKROOT = iphoneos;
				TARGETED_DEVICE_FAMILY = "1,2";
				VALIDATE_PRODUCT = YES;
			};
			name = Release;
		};
		712489FB1B50B286006526BA /* Debug */ = {
			isa = XCBuildConfiguration;
			baseConfigurationReference = A8A98243DFEB914A3A71CDEB /* Pods-Chernosliv.debug.xcconfig */;
			buildSettings = {
				ASSETCATALOG_COMPILER_APPICON_NAME = AppIcon;
				GCC_PREFIX_HEADER = Chernosliv/Application/BundleFiles/PrefixHeader.pch;
				INFOPLIST_FILE = Chernosliv/Application/BundleFiles/Info.plist;
				IPHONEOS_DEPLOYMENT_TARGET = 8.0;
				LD_RUNPATH_SEARCH_PATHS = "$(inherited) @executable_path/Frameworks";
				PRODUCT_NAME = "$(TARGET_NAME)";
			};
			name = Debug;
		};
		712489FC1B50B286006526BA /* Release */ = {
			isa = XCBuildConfiguration;
			baseConfigurationReference = 880CA44613AC2FC66F037253 /* Pods-Chernosliv.release.xcconfig */;
			buildSettings = {
				ASSETCATALOG_COMPILER_APPICON_NAME = AppIcon;
				GCC_PREFIX_HEADER = Chernosliv/Application/BundleFiles/PrefixHeader.pch;
				INFOPLIST_FILE = Chernosliv/Application/BundleFiles/Info.plist;
				IPHONEOS_DEPLOYMENT_TARGET = 8.0;
				LD_RUNPATH_SEARCH_PATHS = "$(inherited) @executable_path/Frameworks";
				PRODUCT_NAME = "$(TARGET_NAME)";
			};
			name = Release;
		};
		712489FE1B50B286006526BA /* Debug */ = {
			isa = XCBuildConfiguration;
			buildSettings = {
				BUNDLE_LOADER = "$(TEST_HOST)";
				FRAMEWORK_SEARCH_PATHS = (
					"$(SDKROOT)/Developer/Library/Frameworks",
					"$(inherited)",
				);
				GCC_PREPROCESSOR_DEFINITIONS = (
					"DEBUG=1",
					"$(inherited)",
				);
				INFOPLIST_FILE = ChernoslivTests/Info.plist;
				LD_RUNPATH_SEARCH_PATHS = "$(inherited) @executable_path/Frameworks @loader_path/Frameworks";
				PRODUCT_NAME = "$(TARGET_NAME)";
				TEST_HOST = "$(BUILT_PRODUCTS_DIR)/Chernosliv.app/Chernosliv";
			};
			name = Debug;
		};
		712489FF1B50B286006526BA /* Release */ = {
			isa = XCBuildConfiguration;
			buildSettings = {
				BUNDLE_LOADER = "$(TEST_HOST)";
				FRAMEWORK_SEARCH_PATHS = (
					"$(SDKROOT)/Developer/Library/Frameworks",
					"$(inherited)",
				);
				INFOPLIST_FILE = ChernoslivTests/Info.plist;
				LD_RUNPATH_SEARCH_PATHS = "$(inherited) @executable_path/Frameworks @loader_path/Frameworks";
				PRODUCT_NAME = "$(TARGET_NAME)";
				TEST_HOST = "$(BUILT_PRODUCTS_DIR)/Chernosliv.app/Chernosliv";
			};
			name = Release;
		};
/* End XCBuildConfiguration section */

/* Begin XCConfigurationList section */
		712489D21B50B286006526BA /* Build configuration list for PBXProject "Chernosliv" */ = {
			isa = XCConfigurationList;
			buildConfigurations = (
				712489F81B50B286006526BA /* Debug */,
				712489F91B50B286006526BA /* Release */,
			);
			defaultConfigurationIsVisible = 0;
			defaultConfigurationName = Release;
		};
		712489FA1B50B286006526BA /* Build configuration list for PBXNativeTarget "Chernosliv" */ = {
			isa = XCConfigurationList;
			buildConfigurations = (
				712489FB1B50B286006526BA /* Debug */,
				712489FC1B50B286006526BA /* Release */,
			);
			defaultConfigurationIsVisible = 0;
			defaultConfigurationName = Release;
		};
		712489FD1B50B286006526BA /* Build configuration list for PBXNativeTarget "ChernoslivTests" */ = {
			isa = XCConfigurationList;
			buildConfigurations = (
				712489FE1B50B286006526BA /* Debug */,
				712489FF1B50B286006526BA /* Release */,
			);
			defaultConfigurationIsVisible = 0;
			defaultConfigurationName = Release;
		};
/* End XCConfigurationList section */
	};
	rootObject = 712489CF1B50B286006526BA /* Project object */;
}
